
Microsoft Visual Studio Solution File, Format Version 12.00
# Visual Studio Version 16
VisualStudioVersion = 16.0.30907.101
MinimumVisualStudioVersion = 10.0.40219.1
Project("{FAE04EC0-301F-11D3-BF4B-00C04F79EFBC}") = "PTriangulos", "PTriangulos.csproj", "{393490DC-4A30-4D3D-A44A-BBF17ACE6B3B}"
EndProject
Global
	GlobalSection(SolutionConfigurationPlatforms) = preSolution
		Debug|Any CPU = Debug|Any CPU
		Release|Any CPU = Release|Any CPU
	EndGlobalSection
	GlobalSection(ProjectConfigurationPlatforms) = postSolution
		{393490DC-4A30-4D3D-A44A-BBF17ACE6B3B}.Debug|Any CPU.ActiveCfg = Debug|Any CPU
		{393490DC-4A30-4D3D-A44A-BBF17ACE6B3B}.Debug|Any CPU.Build.0 = Debug|Any CPU
		{393490DC-4A30-4D3D-A44A-BBF17ACE6B3B}.Release|Any CPU.ActiveCfg = Release|Any CPU
		{393490DC-4A30-4D3D-A44A-BBF17ACE6B3B}.Release|Any CPU.Build.0 = Release|Any CPU
	EndGlobalSection
	GlobalSection(SolutionProperties) = preSolution
		HideSolutionNode = FALSE
	EndGlobalSection
	GlobalSection(ExtensibilityGlobals) = postSolution
		SolutionGuid = {AF602545-8B55-4F02-9F08-7CB8E3D2C83D}
	EndGlobalSection
EndGlobal
