
Microsoft Visual Studio Solution File, Format Version 12.00
# Visual Studio Version 16
VisualStudioVersion = 16.0.30907.101
MinimumVisualStudioVersion = 10.0.40219.1
Project("{FAE04EC0-301F-11D3-BF4B-00C04F79EFBC}") = "PClasses", "PClasses.csproj", "{C2FE21B5-402F-484F-A6DD-12C643DB0148}"
EndProject
Global
	GlobalSection(SolutionConfigurationPlatforms) = preSolution
		Debug|Any CPU = Debug|Any CPU
		Release|Any CPU = Release|Any CPU
	EndGlobalSection
	GlobalSection(ProjectConfigurationPlatforms) = postSolution
		{C2FE21B5-402F-484F-A6DD-12C643DB0148}.Debug|Any CPU.ActiveCfg = Debug|Any CPU
		{C2FE21B5-402F-484F-A6DD-12C643DB0148}.Debug|Any CPU.Build.0 = Debug|Any CPU
		{C2FE21B5-402F-484F-A6DD-12C643DB0148}.Release|Any CPU.ActiveCfg = Release|Any CPU
		{C2FE21B5-402F-484F-A6DD-12C643DB0148}.Release|Any CPU.Build.0 = Release|Any CPU
	EndGlobalSection
	GlobalSection(SolutionProperties) = preSolution
		HideSolutionNode = FALSE
	EndGlobalSection
	GlobalSection(ExtensibilityGlobals) = postSolution
		SolutionGuid = {480B4213-9AB3-438D-AA7C-558EF8F4FCAC}
	EndGlobalSection
EndGlobal
